{
    "_readme": [
        "This file locks the dependencies of your project to a known state",
        "Read more about it at http://getcomposer.org/doc/01-basic-usage.md#composer-lock-the-lock-file",
        "This file is @generated automatically"
    ],
    "hash": "7cee369b16e81e601a9a37a229f187ca",
    "packages": [
        {
            "name": "composer/installers",
            "version": "v1.0.6",
            "source": {
                "type": "git",
                "url": "https://github.com/composer/installers.git",
                "reference": "b3bd071ea114a57212c75aa6a2eef5cfe0cc798f"
            },
            "dist": {
                "type": "zip",
                "url": "https://api.github.com/repos/composer/installers/zipball/b3bd071ea114a57212c75aa6a2eef5cfe0cc798f",
                "reference": "b3bd071ea114a57212c75aa6a2eef5cfe0cc798f",
                "shasum": ""
            },
            "replace": {
                "shama/baton": "*"
            },
            "require-dev": {
                "composer/composer": "1.0.*@dev",
                "phpunit/phpunit": "3.7.*"
            },
            "type": "composer-installer",
            "extra": {
                "class": "Composer\\Installers\\Installer",
                "branch-alias": {
                    "dev-master": "1.0-dev"
                }
            },
            "autoload": {
                "psr-0": {
                    "Composer\\Installers\\": "src/"
                }
            },
            "notification-url": "https://packagist.org/downloads/",
            "license": [
                "MIT"
            ],
            "authors": [
                {
                    "name": "Kyle Robinson Young",
                    "email": "kyle@dontkry.com",
                    "homepage": "https://github.com/shama",
                    "role": "Developer"
                }
            ],
            "description": "A multi-framework Composer library installer",
            "homepage": "http://composer.github.com/installers/",
            "keywords": [
                "TYPO3 CMS",
                "TYPO3 Flow",
                "TYPO3 Neos",
                "agl",
                "cakephp",
                "codeigniter",
                "drupal",
                "fuelphp",
                "installer",
                "joomla",
                "kohana",
                "laravel",
                "li3",
                "lithium",
                "mako",
                "modulework",
                "phpbb",
                "ppi",
                "silverstripe",
                "symfony",
                "wordpress",
                "zend"
            ],
            "time": "2013-08-20 04:37:09"
        },
        {
            "name": "holotree/gus_ui_mods",
            "version": "dev-master",
            "source": {
                "type": "git",
                "url": "https://github.com/HoloTree/gus-ui-mods",
                "reference": "d564ff9f84a7b4731e1f0f8fee149e603daf683c"
            },
            "require": {
                "composer/installers": "v1.0.6",
                "php": ">=5.3.2",
                "zurb/foundation": "5.3.3"
            },
            "type": "wordpress-plugin",
            "license": [
                "GPL v2+"
            ],
            "authors": [
                {
                    "name": "Josh Pollock",
                    "email": "Josh@JoshPress.net",
                    "homepage": "http://JoshPress.net/"
                },
                {
                    "name": "Jonathan James",
                    "email": "jaymjames@me.com"
                }
            ],
            "description": "Gus UI",
            "homepage": "http://add-on-site.com/",
            "keywords": [
                "holotree",
                "plugin",
                "wordpress"
            ],
            "time": "2014-10-27 22:49:19"
        },
        {
            "name": "holotree/ht_dms",
            "version": "dev-master",
            "source": {
                "type": "git",
                "url": "https://github.com/HoloTree/ht_dms",
                "reference": "5b12e8f782ab96fefa3a7e93da47dc28ec4cbfc7"
            },
            "require": {
                "composer/installers": "v1.0.6",
                "php": ">=5.4"
            },
            "type": "wordpress-plugin",
            "extra": {
                "installer-name": "ht_dms"
            },
            "license": [
                "GPL v2+"
            ],
            "authors": [
                {
                    "name": "Josh Pollock",
                    "email": "Josh@Joshpress.net",
                    "homepage": "http://JoshPress.net",
                    "role": "Lead Developer"
                }
            ],
            "description": "HoloTree Decision Making System.",
            "homepage": "http://holotree.com/",
            "keywords": [
                "gus",
                "holotree",
                "plugin",
                "wordpress"
            ],
            "support": {
                "issues": "https://github.com/holotree/ht_dms/issues",
                "source": "https://github.com/holotree/ht_dms/"
            },
            "time": "2014-10-30 23:27:06"
        },
        {
            "name": "johnpbloch/wordpress",
            "version": "4.0",
            "source": {
                "type": "git",
                "url": "https://github.com/johnpbloch/wordpress.git",
                "reference": "60ac88e39b85db3f317ac86d71a3474027d03bb9"
            },
            "dist": {
                "type": "zip",
                "url": "https://api.github.com/repos/johnpbloch/wordpress/zipball/60ac88e39b85db3f317ac86d71a3474027d03bb9",
                "reference": "60ac88e39b85db3f317ac86d71a3474027d03bb9",
                "shasum": ""
            },
            "require": {
                "johnpbloch/wordpress-core-installer": "~0.2",
                "php": ">=5.3.2"
            },
            "type": "wordpress-core",
            "notification-url": "https://packagist.org/downloads/",
            "license": [
                "GPL-2.0+"
            ],
            "authors": [
                {
                    "name": "WordPress Community",
                    "homepage": "http://wordpress.org/about/"
                }
            ],
            "description": "WordPress is web software you can use to create a beautiful website or blog.",
            "homepage": "http://wordpress.org/",
            "keywords": [
                "blog",
                "cms"
            ],
            "time": "2014-09-04 16:16:58"
        },
        {
            "name": "johnpbloch/wordpress-core-installer",
            "version": "0.2.0",
            "source": {
                "type": "git",
                "url": "https://github.com/johnpbloch/wordpress-core-installer.git",
                "reference": "a4c08e91be99e858c7778c2f52a4d73820147c2e"
            },
            "dist": {
                "type": "zip",
                "url": "https://api.github.com/repos/johnpbloch/wordpress-core-installer/zipball/a4c08e91be99e858c7778c2f52a4d73820147c2e",
                "reference": "a4c08e91be99e858c7778c2f52a4d73820147c2e",
                "shasum": ""
            },
            "require": {
                "composer-plugin-api": "1.0.0"
            },
            "conflict": {
                "composer/installers": "<1.0.6"
            },
            "require-dev": {
                "composer/composer": "1.0.*@dev"
            },
            "type": "composer-plugin",
            "extra": {
                "class": "johnpbloch\\Composer\\WordPressCorePlugin"
            },
            "autoload": {
                "psr-0": {
                    "johnpbloch\\Composer\\": "src/"
                }
            },
            "notification-url": "https://packagist.org/downloads/",
            "license": [
                "GPL-2.0+"
            ],
            "authors": [
                {
                    "name": "John P. Bloch",
                    "email": "me@johnpbloch.com"
                }
            ],
            "description": "A custom installer to handle deploying WordPress with composer",
            "time": "2013-09-09 15:04:54"
        },
        {
            "name": "pods-framework/pods",
            "version": "2.x-dev",
            "source": {
                "type": "git",
                "url": "https://github.com/pods-framework/pods",
                "reference": "7448ce69d6ddbcd73ef12dc6f1b3035fcdf9c742"
            },
            "require": {
                "composer/installers": "~1.0.0",
                "php": ">=5.2.4"
            },
            "require-dev": {
                "satooshi/php-coveralls": "dev-master"
            },
            "type": "wordpress-plugin",
            "extra": {
                "installer-name": "pods"
            },
            "license": [
                "GPL-2.0+"
            ],
            "authors": [
                {
                    "name": "Scott Kingsley Clark",
                    "email": "scott@pods.io",
                    "homepage": "http://scottkclark.com/",
                    "role": "Lead Developer"
                },
                {
                    "name": "Phil Lewis",
                    "email": "phil@pods.io",
                    "role": "Developer"
                },
                {
                    "name": "Josh Pollock",
                    "email": "josh@pods.io",
                    "role": "Developer"
                },
                {
                    "name": "Dan Stefan Oprean",
                    "role": "Developer"
                },
                {
                    "name": "David Cramer",
                    "role": "Developer"
                },
                {
                    "name": "Mike Green",
                    "role": "Developer"
                },
                {
                    "name": "Jonathan Christopher",
                    "role": "Developer"
                },
                {
                    "name": "Matt Gibbs",
                    "role": "Developer"
                }
            ],
            "description": "Pods is a development framework for creating, extending, managing, and deploying customized content types in WordPress.",
            "homepage": "http://pods.io/",
            "keywords": [
                "custom",
                "fields",
                "pods"
            ],
            "time": "2014-10-29 22:22:45"
        },
        {
            "name": "pods-framework/pods-deploy",
            "version": "dev-master",
            "source": {
                "type": "git",
                "url": "https://github.com/pods-framework/pods-deploy",
                "reference": "894697b8a2170429e2fd9bb4878b9f7ef395bd79"
            },
            "require": {
                "composer/installers": "~1.0",
                "php": ">=5.3",
                "pods-framework/pods-json-api": ">=0.2.1",
                "wpackagist-plugin/pods": ">=2.4.3"
            },
            "type": "wordpress-plugin",
            "license": [
                "GPL-2.0"
            ],
            "authors": [
                {
                    "name": "Josh Pollock",
                    "email": "Josh@Pods.io",
                    "homepage": "http://JoshPress.net",
                    "role": "Lead Developer"
                },
                {
                    "name": "James Golovich",
                    "role": "Developer"
                },
                {
                    "name": "Phil Lewis",
                    "email": "Phil@Pods.io",
                    "role": "Developer"
                },
                {
                    "name": "Pods Framework Team",
                    "email": "contact@pods.io",
                    "homepage": "http://pods.io/"
                }
            ],
            "description": "Deploys Pods configuration to a remote site. Copies Pods setup, Pods Template, Pods Pages and Pods Helpers via the WordPress REST API.",
            "homepage": "https://github.com/pods-framework/pods-deploy",
            "keywords": [
                "api",
                "pods",
                "wordpress",
                "wp-api"
            ],
            "support": {
                "issues": "https://github.com/pods-framework/pods-deploy/issues",
                "source": "https://github.com/pods-framework/pods-deploy"
            },
            "time": "2014-10-21 00:27:31"
        },
        {
            "name": "pods-framework/pods-json-api",
            "version": "dev-master",
            "source": {
                "type": "git",
                "url": "https://github.com/pods-framework/pods-json-api",
                "reference": "718718b09ae65f4f0e81e4299d4164cb0ed46103"
            },
            "require": {
                "composer/installers": "~1.0",
                "wpackagist-plugin/pods": ">=2.4"
            },
            "type": "wordpress-plugin",
            "license": [
                "GPL-2.0"
            ],
            "authors": [
                {
                    "name": "Scott Kingsley Clark",
                    "email": "lol@scottkclark.com",
                    "homepage": "http://scottkclark.com",
                    "role": "Lead Developer"
                },
                {
                    "name": "Pods Framework Team",
                    "email": "contact@pods.io",
                    "homepage": "http://pods.io/"
                }
            ],
            "description": "JSON REST API for Pods. This plugin creates JSON API endpoints for https://github.com/WP-API/WP-API",
            "homepage": "https://github.com/pods-framework/pods-json-api",
            "keywords": [
                "api",
                "pods",
                "wordpress",
                "wp-api"
            ],
            "support": {
                "issues": "https://github.com/pods-framework/pods-json-api/issues",
                "source": "https://github.com/pods-framework/pods-json-api"
            },
            "time": "2014-10-26 20:13:24"
        },
        {
            "name": "shelob9/app_starter",
            "version": "dev-master",
            "source": {
                "type": "git",
                "url": "https://github.com/shelob9/app_starter",
                "reference": "15038ab22d63819dd45ce5b3104a35d6386e8dbc"
            },
            "require": {
                "composer/installers": "~1.0.0",
                "php": ">=5.2.4"
            },
            "type": "wordpress-theme",
            "extra": {
                "installer-name": "app-starter"
            },
            "license": [
                "GPL-2.0+"
            ],
            "authors": [
                {
                    "name": "Josh Pollock",
                    "email": "josh@joshpress.net",
                    "homepage": "http://JoshPress.net",
                    "role": "Developer"
                }
            ],
            "description": "Starter theme for WordPress-Powered apps. Uses Foundation for UI.",
            "keywords": [
                "foundation",
                "wordpress"
            ],
            "support": {
                "issues": "https://github.com/shelob9/app_starter/issues",
                "source": "https://github.com/shelob9/app_starter"
            },
            "time": "2014-08-26 07:01:14"
        },
        {
            "name": "shelob9/caldera-forms",
            "version": "1.1.9.1",
            "dist": {
                "type": "zip",
                "url": "https://github.com/Shelob9/Caldera-Forms/archive/use.zip",
                "reference": null,
                "shasum": null
            },
            "require": {
                "composer/installers": "~1.0"
            },
            "type": "library"
        },
        {
            "name": "wpackagist-plugin/json-rest-api",
            "version": "dev-trunk",
            "source": {
                "type": "svn",
                "url": "http://plugins.svn.wordpress.org/json-rest-api/",
                "reference": "trunk"
            },
            "dist": {
                "type": "zip",
                "url": "http://downloads.wordpress.org/plugin/json-rest-api.zip",
                "reference": null,
                "shasum": null
            },
            "require": {
                "composer/installers": "~1.0"
            },
            "replace": {
                "wpackagist/json-rest-api": "self.version"
            },
            "type": "wordpress-plugin",
            "homepage": "http://wordpress.org/plugins/json-rest-api/",
            "time": "2014-07-25 22:07:34"
        },
        {
            "name": "wpackagist-plugin/log-viewer",
            "version": "dev-trunk",
            "source": {
                "type": "svn",
                "url": "http://plugins.svn.wordpress.org/log-viewer/",
                "reference": "trunk"
            },
            "dist": {
                "type": "zip",
                "url": "http://downloads.wordpress.org/plugin/log-viewer.zip",
                "reference": null,
                "shasum": null
            },
            "require": {
                "composer/installers": "~1.0"
            },
            "replace": {
                "wpackagist/log-viewer": "self.version"
            },
            "type": "wordpress-plugin",
            "homepage": "http://wordpress.org/plugins/log-viewer/",
            "time": "2014-05-04 15:00:57"
        },
        {
            "name": "wpackagist-plugin/mobble",
            "version": "dev-trunk",
            "source": {
                "type": "svn",
                "url": "http://plugins.svn.wordpress.org/mobble/",
                "reference": "trunk"
            },
            "dist": {
                "type": "zip",
                "url": "http://downloads.wordpress.org/plugin/mobble.zip",
                "reference": null,
                "shasum": null
            },
            "require": {
                "composer/installers": "~1.0"
            },
            "replace": {
                "wpackagist/mobble": "self.version"
            },
            "type": "wordpress-plugin",
            "homepage": "http://wordpress.org/plugins/mobble/",
            "time": "2014-01-15 14:32:44"
        },
        {
            "name": "wpackagist-plugin/nginx-cache-optimizer",
            "version": "dev-trunk",
            "source": {
                "type": "svn",
                "url": "http://plugins.svn.wordpress.org/nginx-cache-optimizer/",
                "reference": "trunk"
            },
            "dist": {
                "type": "zip",
                "url": "http://downloads.wordpress.org/plugin/nginx-cache-optimizer.zip",
                "reference": null,
                "shasum": null
            },
            "require": {
                "composer/installers": "~1.0"
            },
            "replace": {
                "wpackagist/nginx-cache-optimizer": "self.version"
            },
            "type": "wordpress-plugin",
            "homepage": "http://wordpress.org/plugins/nginx-cache-optimizer/",
            "time": "2014-09-08 06:56:11"
        },
        {
            "name": "wpackagist-plugin/pods",
            "version": "dev-trunk",
            "source": {
                "type": "svn",
                "url": "http://plugins.svn.wordpress.org/pods/",
                "reference": "trunk"
            },
            "dist": {
                "type": "zip",
                "url": "http://downloads.wordpress.org/plugin/pods.zip",
                "reference": null,
                "shasum": null
            },
            "require": {
                "composer/installers": "~1.0"
            },
            "replace": {
                "wpackagist/pods": "self.version"
            },
            "type": "wordpress-plugin",
            "homepage": "http://wordpress.org/plugins/pods/",
            "time": "2014-08-26 06:17:49"
        },
        {
            "name": "wpackagist-plugin/pods-ajax-views",
            "version": "dev-trunk",
            "source": {
                "type": "svn",
                "url": "http://plugins.svn.wordpress.org/pods-ajax-views/",
                "reference": "trunk"
            },
            "dist": {
                "type": "zip",
                "url": "http://downloads.wordpress.org/plugin/pods-ajax-views.zip",
                "reference": null,
                "shasum": null
            },
            "require": {
                "composer/installers": "~1.0"
            },
            "replace": {
                "wpackagist/pods-ajax-views": "self.version"
            },
            "type": "wordpress-plugin",
            "homepage": "http://wordpress.org/plugins/pods-ajax-views/",
            "time": "2014-08-26 07:13:11"
        },
        {
            "name": "wpackagist-plugin/remove-dashboard-access-for-non-admins",
            "version": "dev-trunk",
            "source": {
                "type": "svn",
                "url": "http://plugins.svn.wordpress.org/remove-dashboard-access-for-non-admins/",
                "reference": "trunk"
            },
            "dist": {
                "type": "zip",
                "url": "http://downloads.wordpress.org/plugin/remove-dashboard-access-for-non-admins.zip",
                "reference": null,
                "shasum": null
            },
            "require": {
                "composer/installers": "~1.0"
            },
            "replace": {
                "wpackagist/remove-dashboard-access-for-non-admins": "self.version"
            },
            "type": "wordpress-plugin",
            "homepage": "http://wordpress.org/plugins/remove-dashboard-access-for-non-admins/",
            "time": "2014-08-22 04:00:52"
        },
        {
            "name": "wpackagist-plugin/restricted-site-access",
            "version": "dev-trunk",
            "source": {
                "type": "svn",
                "url": "http://plugins.svn.wordpress.org/restricted-site-access/",
                "reference": "trunk"
            },
            "dist": {
                "type": "zip",
                "url": "http://downloads.wordpress.org/plugin/restricted-site-access.zip",
                "reference": null,
                "shasum": null
            },
            "require": {
                "composer/installers": "~1.0"
            },
            "replace": {
                "wpackagist/restricted-site-access": "self.version"
            },
            "type": "wordpress-plugin",
            "homepage": "http://wordpress.org/plugins/restricted-site-access/",
            "time": "2013-01-27 20:21:42"
        },
        {
            "name": "wpackagist/register-plus-redux",
            "version": "dev-trunk",
            "source": {
                "type": "svn",
                "url": "http://plugins.svn.wordpress.org/register-plus-redux/",
                "reference": "trunk"
            },
            "dist": {
                "type": "zip",
                "url": "http://downloads.wordpress.org/plugin/register-plus-redux.zip",
                "reference": null,
                "shasum": null
            },
            "require": {
                "composer/installers": "~1.0"
            },
            "type": "wordpress-plugin",
            "homepage": "http://wordpress.org/plugins/register-plus-redux/",
            "time": "2014-10-14 19:03:38"
        },
        {
            "name": "zurb/foundation",
            "version": "v5.3.3",
            "source": {
                "type": "git",
                "url": "https://github.com/zurb/foundation.git",
                "reference": "ecadc395b61c1d9ef8eae8c1904e011130d9756a"
            },
            "dist": {
                "type": "zip",
                "url": "https://api.github.com/repos/zurb/foundation/zipball/ecadc395b61c1d9ef8eae8c1904e011130d9756a",
                "reference": "ecadc395b61c1d9ef8eae8c1904e011130d9756a",
                "shasum": ""
            },
            "type": "library",
            "notification-url": "https://packagist.org/downloads/",
            "license": [
                "MIT"
            ],
            "authors": [
                {
                    "name": "ZURB Inc."
                }
            ],
            "description": "The most advanced responsive front-end framework in the world.",
            "homepage": "http://foundation.zurb.com",
            "keywords": [
                "foundation",
                "scss"
            ],
            "time": "2014-08-01 16:25:09"
        }
    ],
    "packages-dev": [
        {
            "name": "wpackagist-plugin/debug-bar",
            "version": "dev-trunk",
            "source": {
                "type": "svn",
                "url": "http://plugins.svn.wordpress.org/debug-bar/",
                "reference": "trunk"
            },
            "dist": {
                "type": "zip",
                "url": "http://downloads.wordpress.org/plugin/debug-bar.zip",
                "reference": null,
                "shasum": null
            },
            "require": {
                "composer/installers": "~1.0"
            },
            "replace": {
                "wpackagist/debug-bar": "self.version"
            },
            "type": "wordpress-plugin",
            "homepage": "http://wordpress.org/plugins/debug-bar/",
            "time": "2014-09-02 05:19:55"
        },
        {
            "name": "wpackagist-plugin/debug-bar-console",
            "version": "dev-trunk",
            "source": {
                "type": "svn",
                "url": "http://plugins.svn.wordpress.org/debug-bar-console/",
                "reference": "trunk"
            },
            "dist": {
                "type": "zip",
                "url": "http://downloads.wordpress.org/plugin/debug-bar-console.zip",
                "reference": null,
                "shasum": null
            },
            "require": {
                "composer/installers": "~1.0"
            },
            "replace": {
                "wpackagist/debug-bar-console": "self.version"
            },
            "type": "wordpress-plugin",
            "homepage": "http://wordpress.org/plugins/debug-bar-console/",
            "time": "2012-08-07 20:42:00"
        },
        {
            "name": "wpackagist-plugin/log-deprecated-notices",
            "version": "dev-trunk",
            "source": {
                "type": "svn",
                "url": "http://plugins.svn.wordpress.org/log-deprecated-notices/",
                "reference": "trunk"
            },
            "dist": {
                "type": "zip",
                "url": "http://downloads.wordpress.org/plugin/log-deprecated-notices.zip",
                "reference": null,
                "shasum": null
            },
            "require": {
                "composer/installers": "~1.0"
            },
            "replace": {
                "wpackagist/log-deprecated-notices": "self.version"
            },
            "type": "wordpress-plugin",
            "homepage": "http://wordpress.org/plugins/log-deprecated-notices/",
            "time": "2014-09-02 05:22:09"
        },
        {
            "name": "wpackagist-plugin/simply-show-ids",
            "version": "dev-trunk",
            "source": {
                "type": "svn",
                "url": "http://plugins.svn.wordpress.org/simply-show-ids/",
                "reference": "trunk"
            },
            "dist": {
                "type": "zip",
                "url": "http://downloads.wordpress.org/plugin/simply-show-ids.zip",
                "reference": null,
                "shasum": null
            },
            "require": {
                "composer/installers": "~1.0"
            },
            "replace": {
                "wpackagist/simply-show-ids": "self.version"
            },
            "type": "wordpress-plugin",
            "homepage": "http://wordpress.org/plugins/simply-show-ids/",
            "time": "2010-06-26 02:40:54"
        },
        {
            "name": "wpackagist-plugin/user-switching",
            "version": "dev-trunk",
            "source": {
                "type": "svn",
                "url": "http://plugins.svn.wordpress.org/user-switching/",
                "reference": "trunk"
            },
            "dist": {
                "type": "zip",
                "url": "http://downloads.wordpress.org/plugin/user-switching.zip",
                "reference": null,
                "shasum": null
            },
            "require": {
                "composer/installers": "~1.0"
            },
            "replace": {
                "wpackagist/user-switching": "self.version"
            },
            "type": "wordpress-plugin",
            "homepage": "http://wordpress.org/plugins/user-switching/",
            "time": "2014-09-04 16:40:39"
        }
    ],
    "aliases": [],
    "minimum-stability": "dev",
    "stability-flags": [],
    "prefer-stable": false,
    "platform": [],
    "platform-dev": []
}
